
Microsoft Visual Studio Solution File, Format Version 12.00
# Visual Studio Version 17
VisualStudioVersion = 17.6.33829.357
MinimumVisualStudioVersion = 10.0.40219.1
Project("{FAE04EC0-301F-11D3-BF4B-00C04F79EFBC}") = "WebApplication7", "WebApplication7.csproj", "{1C8A2AE1-8053-48E1-AA79-14820CEA3980}"
EndProject
Global
	GlobalSection(SolutionConfigurationPlatforms) = preSolution
		Debug|Any CPU = Debug|Any CPU
		Release|Any CPU = Release|Any CPU
	EndGlobalSection
	GlobalSection(ProjectConfigurationPlatforms) = postSolution
		{1C8A2AE1-8053-48E1-AA79-14820CEA3980}.Debug|Any CPU.ActiveCfg = Debug|Any CPU
		{1C8A2AE1-8053-48E1-AA79-14820CEA3980}.Debug|Any CPU.Build.0 = Debug|Any CPU
		{1C8A2AE1-8053-48E1-AA79-14820CEA3980}.Release|Any CPU.ActiveCfg = Release|Any CPU
		{1C8A2AE1-8053-48E1-AA79-14820CEA3980}.Release|Any CPU.Build.0 = Release|Any CPU
	EndGlobalSection
	GlobalSection(SolutionProperties) = preSolution
		HideSolutionNode = FALSE
	EndGlobalSection
	GlobalSection(ExtensibilityGlobals) = postSolution
		SolutionGuid = {E30F9BDB-70CD-4867-B034-CDC42B45A082}
	EndGlobalSection
EndGlobal
